
Microsoft Visual Studio Solution File, Format Version 12.00
# Visual Studio 14
VisualStudioVersion = 14.0.25420.1
MinimumVisualStudioVersion = 10.0.40219.1
Project("{FAE04EC0-301F-11D3-BF4B-00C04F79EFBC}") = "Nami", "Nami\Nami.csproj", "{CCFF8229-A982-4647-905A-4EC41ACEC106}"
EndProject
Project("{FAE04EC0-301F-11D3-BF4B-00C04F79EFBC}") = "Nami.Audio", "Nami.Audio\Nami.Audio.csproj", "{165AD54F-BF4C-4649-915C-E8CFE3EAACE6}"
EndProject
Global
	GlobalSection(SolutionConfigurationPlatforms) = preSolution
		Debug|Any CPU = Debug|Any CPU
		Release|Any CPU = Release|Any CPU
	EndGlobalSection
	GlobalSection(ProjectConfigurationPlatforms) = postSolution
		{CCFF8229-A982-4647-905A-4EC41ACEC106}.Debug|Any CPU.ActiveCfg = Debug|Any CPU
		{CCFF8229-A982-4647-905A-4EC41ACEC106}.Debug|Any CPU.Build.0 = Debug|Any CPU
		{CCFF8229-A982-4647-905A-4EC41ACEC106}.Release|Any CPU.ActiveCfg = Release|Any CPU
		{CCFF8229-A982-4647-905A-4EC41ACEC106}.Release|Any CPU.Build.0 = Release|Any CPU
		{165AD54F-BF4C-4649-915C-E8CFE3EAACE6}.Debug|Any CPU.ActiveCfg = Debug|Any CPU
		{165AD54F-BF4C-4649-915C-E8CFE3EAACE6}.Debug|Any CPU.Build.0 = Debug|Any CPU
		{165AD54F-BF4C-4649-915C-E8CFE3EAACE6}.Release|Any CPU.ActiveCfg = Release|Any CPU
		{165AD54F-BF4C-4649-915C-E8CFE3EAACE6}.Release|Any CPU.Build.0 = Release|Any CPU
	EndGlobalSection
	GlobalSection(SolutionProperties) = preSolution
		HideSolutionNode = FALSE
	EndGlobalSection
EndGlobal
